
Microsoft Visual Studio Solution File, Format Version 12.00
# Visual Studio Version 17
VisualStudioVersion = 17.13.35825.156 d17.13
MinimumVisualStudioVersion = 10.0.40219.1
Project("{FAE04EC0-301F-11D3-BF4B-00C04F79EFBC}") = "Ds_LinkedList_Ex", "Ds_LinkedList_Ex\Ds_LinkedList_Ex.csproj", "{0A3760EA-CDD4-46E3-8F8B-679BA2AEAB56}"
EndProject
Global
	GlobalSection(SolutionConfigurationPlatforms) = preSolution
		Debug|Any CPU = Debug|Any CPU
		Release|Any CPU = Release|Any CPU
	EndGlobalSection
	GlobalSection(ProjectConfigurationPlatforms) = postSolution
		{0A3760EA-CDD4-46E3-8F8B-679BA2AEAB56}.Debug|Any CPU.ActiveCfg = Debug|Any CPU
		{0A3760EA-CDD4-46E3-8F8B-679BA2AEAB56}.Debug|Any CPU.Build.0 = Debug|Any CPU
		{0A3760EA-CDD4-46E3-8F8B-679BA2AEAB56}.Release|Any CPU.ActiveCfg = Release|Any CPU
		{0A3760EA-CDD4-46E3-8F8B-679BA2AEAB56}.Release|Any CPU.Build.0 = Release|Any CPU
	EndGlobalSection
	GlobalSection(SolutionProperties) = preSolution
		HideSolutionNode = FALSE
	EndGlobalSection
	GlobalSection(ExtensibilityGlobals) = postSolution
		SolutionGuid = {C39819A2-10A1-434E-A1D3-3D267BF78046}
	EndGlobalSection
EndGlobal
